
Microsoft Visual Studio Solution File, Format Version 12.00
# Visual Studio Version 17
VisualStudioVersion = 17.5.001.0
MinimumVisualStudioVersion = 10.0.40219.1
Project("{9A19103F-16F7-4668-BE54-9A1E7A4F7556}") = "Example_44", "Example_44.csproj", "{8D1B5AD2-A246-4B66-803A-F7355D86B923}"
EndProject
Global
	GlobalSection(SolutionConfigurationPlatforms) = preSolution
		Debug|Any CPU = Debug|Any CPU
		Release|Any CPU = Release|Any CPU
	EndGlobalSection
	GlobalSection(ProjectConfigurationPlatforms) = postSolution
		{8D1B5AD2-A246-4B66-803A-F7355D86B923}.Debug|Any CPU.ActiveCfg = Debug|Any CPU
		{8D1B5AD2-A246-4B66-803A-F7355D86B923}.Debug|Any CPU.Build.0 = Debug|Any CPU
		{8D1B5AD2-A246-4B66-803A-F7355D86B923}.Release|Any CPU.ActiveCfg = Release|Any CPU
		{8D1B5AD2-A246-4B66-803A-F7355D86B923}.Release|Any CPU.Build.0 = Release|Any CPU
	EndGlobalSection
	GlobalSection(SolutionProperties) = preSolution
		HideSolutionNode = FALSE
	EndGlobalSection
	GlobalSection(ExtensibilityGlobals) = postSolution
		SolutionGuid = {1682095A-7953-4301-B491-C739293E64C9}
	EndGlobalSection
EndGlobal
